PODS:
  - Flutter (1.0.0)
  - integration_test (0.0.1):
    - Flutter
  - volume_regulator (0.0.1):
    - Flutter

DEPENDENCIES:
  - Flutter (from `Flutter`)
  - integration_test (from `.symlinks/plugins/integration_test/ios`)
  - volume_regulator (from `.symlinks/plugins/volume_regulator/ios`)

EXTERNAL SOURCES:
  Flutter:
    :path: Flutter
  integration_test:
    :path: ".symlinks/plugins/integration_test/ios"
  volume_regulator:
    :path: ".symlinks/plugins/volume_regulator/ios"

SPEC CHECKSUMS:
  Flutter: 434fef37c0980e73bb6479ef766c45957d4b510c
  integration_test: 5ed24a436eb7ec17b6a13046e9bf7ca4a404e59e
  volume_regulator: 0e6da4ca34fb48cf3a2a6223ab52bf5299d9c02b

PODFILE CHECKSUM: fe0e1ee7f3d1f7d00b11b474b62dd62134535aea

COCOAPODS: 1.10.1
